
Microsoft Visual Studio Solution File, Format Version 12.00
# Visual Studio Version 16
VisualStudioVersion = 16.0.32126.315
MinimumVisualStudioVersion = 10.0.40219.1
Project("{FAE04EC0-301F-11D3-BF4B-00C04F79EFBC}") = "MorningApiApp", "MorningApiApp\MorningApiApp.csproj", "{2070A975-7250-4440-A02D-BF51AD9D8439}"
EndProject
Global
	GlobalSection(SolutionConfigurationPlatforms) = preSolution
		Debug|Any CPU = Debug|Any CPU
		Release|Any CPU = Release|Any CPU
	EndGlobalSection
	GlobalSection(ProjectConfigurationPlatforms) = postSolution
		{2070A975-7250-4440-A02D-BF51AD9D8439}.Debug|Any CPU.ActiveCfg = Debug|Any CPU
		{2070A975-7250-4440-A02D-BF51AD9D8439}.Debug|Any CPU.Build.0 = Debug|Any CPU
		{2070A975-7250-4440-A02D-BF51AD9D8439}.Release|Any CPU.ActiveCfg = Release|Any CPU
		{2070A975-7250-4440-A02D-BF51AD9D8439}.Release|Any CPU.Build.0 = Release|Any CPU
	EndGlobalSection
	GlobalSection(SolutionProperties) = preSolution
		HideSolutionNode = FALSE
	EndGlobalSection
	GlobalSection(ExtensibilityGlobals) = postSolution
		SolutionGuid = {AF0B2150-3881-48DB-926B-293ADAC5A55C}
	EndGlobalSection
EndGlobal
